
Microsoft Visual Studio Solution File, Format Version 12.00
# Visual Studio Version 17
VisualStudioVersion = 17.13.35919.96 d17.13
MinimumVisualStudioVersion = 10.0.40219.1
Project("{FAE04EC0-301F-11D3-BF4B-00C04F79EFBC}") = "Practical2", "Practical2\Practical2.csproj", "{C2094B8C-063D-4D90-A3B5-CAD3DA98BED1}"
EndProject
Global
	GlobalSection(SolutionConfigurationPlatforms) = preSolution
		Debug|Any CPU = Debug|Any CPU
		Release|Any CPU = Release|Any CPU
	EndGlobalSection
	GlobalSection(ProjectConfigurationPlatforms) = postSolution
		{C2094B8C-063D-4D90-A3B5-CAD3DA98BED1}.Debug|Any CPU.ActiveCfg = Debug|Any CPU
		{C2094B8C-063D-4D90-A3B5-CAD3DA98BED1}.Debug|Any CPU.Build.0 = Debug|Any CPU
		{C2094B8C-063D-4D90-A3B5-CAD3DA98BED1}.Release|Any CPU.ActiveCfg = Release|Any CPU
		{C2094B8C-063D-4D90-A3B5-CAD3DA98BED1}.Release|Any CPU.Build.0 = Release|Any CPU
	EndGlobalSection
	GlobalSection(SolutionProperties) = preSolution
		HideSolutionNode = FALSE
	EndGlobalSection
	GlobalSection(ExtensibilityGlobals) = postSolution
		SolutionGuid = {2360B8B4-6829-4D34-885F-F68058B8C516}
	EndGlobalSection
EndGlobal
